{
  "originHash" : "a231b60343b71b2e02a71c29f07bea97a8a5d94f94b3ef193f18fbf94a69c1c4",
  "pins" : [
    {
      "identity" : "matrix-rust-components-swift",
      "kind" : "remoteSourceControl",
      "location" : "https://github.com/matrix-org/matrix-rust-components-swift",
      "state" : {
        "revision" : "ec3b2161ba371a13609e7181077d2f3baef188f5",
        "version" : "26.6.6"
      }
    }
  ],
  "version" : 3
}
