// !$*UTF8*$!
{
	archiveVersion = 1;
	classes = {
	};
	objectVersion = 77;
	objects = {

/* Begin PBXBuildFile section */
		6A25027A3014192800A6C08D /* SECURITY.md in Resources */ = {isa = PBXBuildFile; fileRef = 6A2502793014192300A6C08D /* SECURITY.md */; };
		6A4FEA1F30000B5B00849557 /* MatrixRustSDK in Frameworks */ = {isa = PBXBuildFile; productRef = 6A4FEA1E30000B5B00849557 /* MatrixRustSDK */; };
		6A8C95D93012B45C002FD706 /* .gitignore in Resources */ = {isa = PBXBuildFile; fileRef = 6A8C95BD3012B45C002FD706 /* .gitignore */; };
		6A8C95DF3012B7B2002FD706 /* LICENSE in Resources */ = {isa = PBXBuildFile; fileRef = 6A8C95DE3012B7AD002FD706 /* LICENSE */; };
		6A8C96143012C05A002FD706 /* LICENSE-EXCEPTION in Resources */ = {isa = PBXBuildFile; fileRef = 6A8C96133012C051002FD706 /* LICENSE-EXCEPTION */; };
		6A8C96183012C3B0002FD706 /* README.md in Resources */ = {isa = PBXBuildFile; fileRef = 6A8C96173012C3B0002FD706 /* README.md */; };
		6AAA000D3020000D000AAAAD /* MatrixRustSDK in Frameworks */ = {isa = PBXBuildFile; productRef = 6AAA000C3020000C000AAAAC /* MatrixRustSDK */; };
		6AAA000F3020000F000AAAAF /* CruxNSE.appex in Embed Foundation Extensions */ = {isa = PBXBuildFile; fileRef = 6AAA000530200005000AAAA5 /* CruxNSE.appex */; settings = {ATTRIBUTES = (RemoveHeadersOnCopy, ); }; };
/* End PBXBuildFile section */

/* Begin PBXContainerItemProxy section */
		6AAA001130200011000AAAB1 /* PBXContainerItemProxy */ = {
			isa = PBXContainerItemProxy;
			containerPortal = 6ACF629A2FFD725500CE8E5B /* Project object */;
			proxyType = 1;
			remoteGlobalIDString = 6AAA000430200004000AAAA4;
			remoteInfo = CruxNSE;
		};
/* End PBXContainerItemProxy section */

/* Begin PBXCopyFilesBuildPhase section */
		6AAA000E3020000E000AAAAE /* Embed Foundation Extensions */ = {
			isa = PBXCopyFilesBuildPhase;
			buildActionMask = 2147483647;
			dstPath = "";
			dstSubfolderSpec = 13;
			files = (
				6AAA000F3020000F000AAAAF /* CruxNSE.appex in Embed Foundation Extensions */,
			);
			name = "Embed Foundation Extensions";
			runOnlyForDeploymentPostprocessing = 0;
		};
/* End PBXCopyFilesBuildPhase section */

/* Begin PBXFileReference section */
		6A2502793014192300A6C08D /* SECURITY.md */ = {isa = PBXFileReference; lastKnownFileType = net.daringfireball.markdown; path = SECURITY.md; sourceTree = "<group>"; };
		6A8C95BD3012B45C002FD706 /* .gitignore */ = {isa = PBXFileReference; lastKnownFileType = text; path = .gitignore; sourceTree = "<group>"; };
		6A8C95DE3012B7AD002FD706 /* LICENSE */ = {isa = PBXFileReference; lastKnownFileType = text; path = LICENSE; sourceTree = "<group>"; };
		6A8C96133012C051002FD706 /* LICENSE-EXCEPTION */ = {isa = PBXFileReference; lastKnownFileType = text; path = "LICENSE-EXCEPTION"; sourceTree = "<group>"; };
		6A8C96173012C3B0002FD706 /* README.md */ = {isa = PBXFileReference; lastKnownFileType = net.daringfireball.markdown; path = README.md; sourceTree = "<group>"; };
		6AAA000530200005000AAAA5 /* CruxNSE.appex */ = {isa = PBXFileReference; explicitFileType = "wrapper.app-extension"; includeInIndex = 0; path = CruxNSE.appex; sourceTree = BUILT_PRODUCTS_DIR; };
		6ACF62A22FFD725500CE8E5B /* Crux.app */ = {isa = PBXFileReference; explicitFileType = wrapper.application; includeInIndex = 0; path = Crux.app; sourceTree = BUILT_PRODUCTS_DIR; };
/* End PBXFileReference section */

/* Begin PBXFileSystemSynchronizedBuildFileExceptionSet section */
		6A4FEA3730000D4900849557 /* Exceptions for "Crux" folder in "Crux" target */ = {
			isa = PBXFileSystemSynchronizedBuildFileExceptionSet;
			membershipExceptions = (
				Info.plist,
			);
			target = 6ACF62A12FFD725500CE8E5B /* Crux */;
		};
		6AAA000330200003000AAAA3 /* Exceptions for "CruxNSE" folder in "CruxNSE" target */ = {
			isa = PBXFileSystemSynchronizedBuildFileExceptionSet;
			membershipExceptions = (
				Info.plist,
			);
			target = 6AAA000430200004000AAAA4 /* CruxNSE */;
		};
/* End PBXFileSystemSynchronizedBuildFileExceptionSet section */

/* Begin PBXFileSystemSynchronizedGroupBuildPhaseMembershipExceptionSet section */
		6AEB5E953017D4400084E25C /* Exceptions for "Crux" folder in "Copy Bundle Resources" phase from "Crux" target */ = {
			isa = PBXFileSystemSynchronizedGroupBuildPhaseMembershipExceptionSet;
			buildPhase = 6ACF62A02FFD725500CE8E5B /* Resources */;
			membershipExceptions = (
				Matrix/Rooms/RoomDetailsModel.swift,
			);
		};
/* End PBXFileSystemSynchronizedGroupBuildPhaseMembershipExceptionSet section */

/* Begin PBXFileSystemSynchronizedRootGroup section */
		6AAA000130200001000AAAA1 /* Shared */ = {
			isa = PBXFileSystemSynchronizedRootGroup;
			path = Shared;
			sourceTree = "<group>";
		};
		6AAA000230200002000AAAA2 /* CruxNSE */ = {
			isa = PBXFileSystemSynchronizedRootGroup;
			exceptions = (
				6AAA000330200003000AAAA3 /* Exceptions for "CruxNSE" folder in "CruxNSE" target */,
			);
			path = CruxNSE;
			sourceTree = "<group>";
		};
		6ACF62A42FFD725500CE8E5B /* Crux */ = {
			isa = PBXFileSystemSynchronizedRootGroup;
			exceptions = (
				6A4FEA3730000D4900849557 /* Exceptions for "Crux" folder in "Crux" target */,
				6AEB5E953017D4400084E25C /* Exceptions for "Crux" folder in "Copy Bundle Resources" phase from "Crux" target */,
			);
			explicitFileTypes = {
				Matrix/Rooms/RoomDetailsModel.swift = sourcecode.swift;
			};
			path = Crux;
			sourceTree = "<group>";
		};
/* End PBXFileSystemSynchronizedRootGroup section */

/* Begin PBXFrameworksBuildPhase section */
		6AAA000730200007000AAAA7 /* Frameworks */ = {
			isa = PBXFrameworksBuildPhase;
			buildActionMask = 2147483647;
			files = (
				6AAA000D3020000D000AAAAD /* MatrixRustSDK in Frameworks */,
			);
			runOnlyForDeploymentPostprocessing = 0;
		};
		6ACF629F2FFD725500CE8E5B /* Frameworks */ = {
			isa = PBXFrameworksBuildPhase;
			buildActionMask = 2147483647;
			files = (
				6A4FEA1F30000B5B00849557 /* MatrixRustSDK in Frameworks */,
			);
			runOnlyForDeploymentPostprocessing = 0;
		};
/* End PBXFrameworksBuildPhase section */

/* Begin PBXGroup section */
		6ACF62992FFD725500CE8E5B = {
			isa = PBXGroup;
			children = (
				6A2502793014192300A6C08D /* SECURITY.md */,
				6A8C96173012C3B0002FD706 /* README.md */,
				6A8C96133012C051002FD706 /* LICENSE-EXCEPTION */,
				6A8C95BD3012B45C002FD706 /* .gitignore */,
				6A8C95DE3012B7AD002FD706 /* LICENSE */,
				6ACF62A42FFD725500CE8E5B /* Crux */,
				6AAA000230200002000AAAA2 /* CruxNSE */,
				6AAA000130200001000AAAA1 /* Shared */,
				6ACF62A32FFD725500CE8E5B /* Products */,
			);
			sourceTree = "<group>";
		};
		6ACF62A32FFD725500CE8E5B /* Products */ = {
			isa = PBXGroup;
			children = (
				6ACF62A22FFD725500CE8E5B /* Crux.app */,
				6AAA000530200005000AAAA5 /* CruxNSE.appex */,
			);
			name = Products;
			sourceTree = "<group>";
		};
/* End PBXGroup section */

/* Begin PBXNativeTarget section */
		6AAA000430200004000AAAA4 /* CruxNSE */ = {
			isa = PBXNativeTarget;
			buildConfigurationList = 6AAA000930200009000AAAA9 /* Build configuration list for PBXNativeTarget "CruxNSE" */;
			buildPhases = (
				6AAA000630200006000AAAA6 /* Sources */,
				6AAA000730200007000AAAA7 /* Frameworks */,
				6AAA000830200008000AAAA8 /* Resources */,
			);
			buildRules = (
			);
			dependencies = (
			);
			fileSystemSynchronizedGroups = (
				6AAA000130200001000AAAA1 /* Shared */,
				6AAA000230200002000AAAA2 /* CruxNSE */,
			);
			name = CruxNSE;
			packageProductDependencies = (
				6AAA000C3020000C000AAAAC /* MatrixRustSDK */,
			);
			productName = CruxNSE;
			productReference = 6AAA000530200005000AAAA5 /* CruxNSE.appex */;
			productType = "com.apple.product-type.app-extension";
		};
		6ACF62A12FFD725500CE8E5B /* Crux */ = {
			isa = PBXNativeTarget;
			buildConfigurationList = 6ACF62AD2FFD725700CE8E5B /* Build configuration list for PBXNativeTarget "Crux" */;
			buildPhases = (
				6ACF629E2FFD725500CE8E5B /* Sources */,
				6ACF629F2FFD725500CE8E5B /* Frameworks */,
				6ACF62A02FFD725500CE8E5B /* Resources */,
				6AAA000E3020000E000AAAAE /* Embed Foundation Extensions */,
			);
			buildRules = (
			);
			dependencies = (
				6AAA001030200010000AAAB0 /* PBXTargetDependency */,
			);
			fileSystemSynchronizedGroups = (
				6AAA000130200001000AAAA1 /* Shared */,
				6ACF62A42FFD725500CE8E5B /* Crux */,
			);
			name = Crux;
			packageProductDependencies = (
				6A4FEA1E30000B5B00849557 /* MatrixRustSDK */,
			);
			productName = Crux;
			productReference = 6ACF62A22FFD725500CE8E5B /* Crux.app */;
			productType = "com.apple.product-type.application";
		};
/* End PBXNativeTarget section */

/* Begin PBXProject section */
		6ACF629A2FFD725500CE8E5B /* Project object */ = {
			isa = PBXProject;
			attributes = {
				BuildIndependentTargetsInParallel = 1;
				LastSwiftUpdateCheck = 2660;
				LastUpgradeCheck = 2660;
				TargetAttributes = {
					6AAA000430200004000AAAA4 = {
						CreatedOnToolsVersion = 26.6;
					};
					6ACF62A12FFD725500CE8E5B = {
						CreatedOnToolsVersion = 26.6;
					};
				};
			};
			buildConfigurationList = 6ACF629D2FFD725500CE8E5B /* Build configuration list for PBXProject "Crux" */;
			developmentRegion = en;
			hasScannedForEncodings = 0;
			knownRegions = (
				en,
				Base,
			);
			mainGroup = 6ACF62992FFD725500CE8E5B;
			minimizedProjectReferenceProxies = 1;
			packageReferences = (
				6A4FEA1D30000B5B00849557 /* XCRemoteSwiftPackageReference "matrix-rust-components-swift" */,
			);
			preferredProjectObjectVersion = 77;
			productRefGroup = 6ACF62A32FFD725500CE8E5B /* Products */;
			projectDirPath = "";
			projectRoot = "";
			targets = (
				6ACF62A12FFD725500CE8E5B /* Crux */,
				6AAA000430200004000AAAA4 /* CruxNSE */,
			);
		};
/* End PBXProject section */

/* Begin PBXResourcesBuildPhase section */
		6AAA000830200008000AAAA8 /* Resources */ = {
			isa = PBXResourcesBuildPhase;
			buildActionMask = 2147483647;
			files = (
			);
			runOnlyForDeploymentPostprocessing = 0;
		};
		6ACF62A02FFD725500CE8E5B /* Resources */ = {
			isa = PBXResourcesBuildPhase;
			buildActionMask = 2147483647;
			files = (
				6A8C95D93012B45C002FD706 /* .gitignore in Resources */,
				6A8C95DF3012B7B2002FD706 /* LICENSE in Resources */,
				6A25027A3014192800A6C08D /* SECURITY.md in Resources */,
				6A8C96143012C05A002FD706 /* LICENSE-EXCEPTION in Resources */,
				6A8C96183012C3B0002FD706 /* README.md in Resources */,
			);
			runOnlyForDeploymentPostprocessing = 0;
		};
/* End PBXResourcesBuildPhase section */

/* Begin PBXSourcesBuildPhase section */
		6AAA000630200006000AAAA6 /* Sources */ = {
			isa = PBXSourcesBuildPhase;
			buildActionMask = 2147483647;
			files = (
			);
			runOnlyForDeploymentPostprocessing = 0;
		};
		6ACF629E2FFD725500CE8E5B /* Sources */ = {
			isa = PBXSourcesBuildPhase;
			buildActionMask = 2147483647;
			files = (
			);
			runOnlyForDeploymentPostprocessing = 0;
		};
/* End PBXSourcesBuildPhase section */

/* Begin PBXTargetDependency section */
		6AAA001030200010000AAAB0 /* PBXTargetDependency */ = {
			isa = PBXTargetDependency;
			target = 6AAA000430200004000AAAA4 /* CruxNSE */;
			targetProxy = 6AAA001130200011000AAAB1 /* PBXContainerItemProxy */;
		};
/* End PBXTargetDependency section */

/* Begin XCBuildConfiguration section */
		6AAA000A3020000A000AAAAA /* Debug */ = {
			isa = XCBuildConfiguration;
			buildSettings = {
				CODE_SIGN_ENTITLEMENTS = CruxNSE/CruxNSE.entitlements;
				CODE_SIGN_STYLE = Automatic;
				CURRENT_PROJECT_VERSION = 1;
				DEVELOPMENT_TEAM = 72FYH894PU;
				GENERATE_INFOPLIST_FILE = YES;
				INFOPLIST_FILE = CruxNSE/Info.plist;
				INFOPLIST_KEY_CFBundleDisplayName = CruxNSE;
				IPHONEOS_DEPLOYMENT_TARGET = 26.0;
				LD_RUNPATH_SEARCH_PATHS = (
					"$(inherited)",
					"@executable_path/Frameworks",
					"@executable_path/../../Frameworks",
				);
				MARKETING_VERSION = 0.0.1;
				PRODUCT_BUNDLE_IDENTIFIER = me.joshuarocks.crux.nse;
				PRODUCT_NAME = "$(TARGET_NAME)";
				SKIP_INSTALL = YES;
				SUPPORTED_PLATFORMS = "iphoneos iphonesimulator";
				SWIFT_APPROACHABLE_CONCURRENCY = YES;
				SWIFT_EMIT_LOC_STRINGS = YES;
				SWIFT_UPCOMING_FEATURE_MEMBER_IMPORT_VISIBILITY = YES;
				SWIFT_VERSION = 5.0;
				TARGETED_DEVICE_FAMILY = "1,2";
			};
			name = Debug;
		};
		6AAA000B3020000B000AAAAB /* Release */ = {
			isa = XCBuildConfiguration;
			buildSettings = {
				CODE_SIGN_ENTITLEMENTS = CruxNSE/CruxNSE.entitlements;
				CODE_SIGN_STYLE = Automatic;
				CURRENT_PROJECT_VERSION = 1;
				DEVELOPMENT_TEAM = 72FYH894PU;
				GENERATE_INFOPLIST_FILE = YES;
				INFOPLIST_FILE = CruxNSE/Info.plist;
				INFOPLIST_KEY_CFBundleDisplayName = CruxNSE;
				IPHONEOS_DEPLOYMENT_TARGET = 26.0;
				LD_RUNPATH_SEARCH_PATHS = (
					"$(inherited)",
					"@executable_path/Frameworks",
					"@executable_path/../../Frameworks",
				);
				MARKETING_VERSION = 0.0.1;
				PRODUCT_BUNDLE_IDENTIFIER = me.joshuarocks.crux.nse;
				PRODUCT_NAME = "$(TARGET_NAME)";
				SKIP_INSTALL = YES;
				SUPPORTED_PLATFORMS = "iphoneos iphonesimulator";
				SWIFT_APPROACHABLE_CONCURRENCY = YES;
				SWIFT_EMIT_LOC_STRINGS = YES;
				SWIFT_UPCOMING_FEATURE_MEMBER_IMPORT_VISIBILITY = YES;
				SWIFT_VERSION = 5.0;
				TARGETED_DEVICE_FAMILY = "1,2";
			};
			name = Release;
		};
		6ACF62AB2FFD725700CE8E5B /* Debug */ = {
			isa = XCBuildConfiguration;
			buildSettings = {
				ALWAYS_SEARCH_USER_PATHS = NO;
				ASSETCATALOG_COMPILER_GENERATE_SWIFT_ASSET_SYMBOL_EXTENSIONS = YES;
				CLANG_ANALYZER_NONNULL = YES;
				CLANG_ANALYZER_NUMBER_OBJECT_CONVERSION = YES_AGGRESSIVE;
				CLANG_CXX_LANGUAGE_STANDARD = "gnu++20";
				CLANG_ENABLE_MODULES = YES;
				CLANG_ENABLE_OBJC_ARC = YES;
				CLANG_ENABLE_OBJC_WEAK = YES;
				CLANG_WARN_BLOCK_CAPTURE_AUTORELEASING = YES;
				CLANG_WARN_BOOL_CONVERSION = YES;
				CLANG_WARN_COMMA = YES;
				CLANG_WARN_CONSTANT_CONVERSION = YES;
				CLANG_WARN_DEPRECATED_OBJC_IMPLEMENTATIONS = YES;
				CLANG_WARN_DIRECT_OBJC_ISA_USAGE = YES_ERROR;
				CLANG_WARN_DOCUMENTATION_COMMENTS = YES;
				CLANG_WARN_EMPTY_BODY = YES;
				CLANG_WARN_ENUM_CONVERSION = YES;
				CLANG_WARN_INFINITE_RECURSION = YES;
				CLANG_WARN_INT_CONVERSION = YES;
				CLANG_WARN_NON_LITERAL_NULL_CONVERSION = YES;
				CLANG_WARN_OBJC_IMPLICIT_RETAIN_SELF = YES;
				CLANG_WARN_OBJC_LITERAL_CONVERSION = YES;
				CLANG_WARN_OBJC_ROOT_CLASS = YES_ERROR;
				CLANG_WARN_QUOTED_INCLUDE_IN_FRAMEWORK_HEADER = YES;
				CLANG_WARN_RANGE_LOOP_ANALYSIS = YES;
				CLANG_WARN_STRICT_PROTOTYPES = YES;
				CLANG_WARN_SUSPICIOUS_MOVE = YES;
				CLANG_WARN_UNGUARDED_AVAILABILITY = YES_AGGRESSIVE;
				CLANG_WARN_UNREACHABLE_CODE = YES;
				CLANG_WARN__DUPLICATE_METHOD_MATCH = YES;
				COPY_PHASE_STRIP = NO;
				DEBUG_INFORMATION_FORMAT = dwarf;
				DEVELOPMENT_TEAM = 72FYH894PU;
				ENABLE_STRICT_OBJC_MSGSEND = YES;
				ENABLE_TESTABILITY = YES;
				ENABLE_USER_SCRIPT_SANDBOXING = YES;
				GCC_C_LANGUAGE_STANDARD = gnu17;
				GCC_DYNAMIC_NO_PIC = NO;
				GCC_NO_COMMON_BLOCKS = YES;
				GCC_OPTIMIZATION_LEVEL = 0;
				GCC_PREPROCESSOR_DEFINITIONS = (
					"DEBUG=1",
					"$(inherited)",
				);
				GCC_WARN_64_TO_32_BIT_CONVERSION = YES;
				GCC_WARN_ABOUT_RETURN_TYPE = YES_ERROR;
				GCC_WARN_UNDECLARED_SELECTOR = YES;
				GCC_WARN_UNINITIALIZED_AUTOS = YES_AGGRESSIVE;
				GCC_WARN_UNUSED_FUNCTION = YES;
				GCC_WARN_UNUSED_VARIABLE = YES;
				IPHONEOS_DEPLOYMENT_TARGET = 26.5;
				LOCALIZATION_PREFERS_STRING_CATALOGS = YES;
				MTL_ENABLE_DEBUG_INFO = INCLUDE_SOURCE;
				MTL_FAST_MATH = YES;
				ONLY_ACTIVE_ARCH = YES;
				SDKROOT = iphoneos;
				SWIFT_ACTIVE_COMPILATION_CONDITIONS = "DEBUG $(inherited)";
				SWIFT_OPTIMIZATION_LEVEL = "-Onone";
			};
			name = Debug;
		};
		6ACF62AC2FFD725700CE8E5B /* Release */ = {
			isa = XCBuildConfiguration;
			buildSettings = {
				ALWAYS_SEARCH_USER_PATHS = NO;
				ASSETCATALOG_COMPILER_GENERATE_SWIFT_ASSET_SYMBOL_EXTENSIONS = YES;
				CLANG_ANALYZER_NONNULL = YES;
				CLANG_ANALYZER_NUMBER_OBJECT_CONVERSION = YES_AGGRESSIVE;
				CLANG_CXX_LANGUAGE_STANDARD = "gnu++20";
				CLANG_ENABLE_MODULES = YES;
				CLANG_ENABLE_OBJC_ARC = YES;
				CLANG_ENABLE_OBJC_WEAK = YES;
				CLANG_WARN_BLOCK_CAPTURE_AUTORELEASING = YES;
				CLANG_WARN_BOOL_CONVERSION = YES;
				CLANG_WARN_COMMA = YES;
				CLANG_WARN_CONSTANT_CONVERSION = YES;
				CLANG_WARN_DEPRECATED_OBJC_IMPLEMENTATIONS = YES;
				CLANG_WARN_DIRECT_OBJC_ISA_USAGE = YES_ERROR;
				CLANG_WARN_DOCUMENTATION_COMMENTS = YES;
				CLANG_WARN_EMPTY_BODY = YES;
				CLANG_WARN_ENUM_CONVERSION = YES;
				CLANG_WARN_INFINITE_RECURSION = YES;
				CLANG_WARN_INT_CONVERSION = YES;
				CLANG_WARN_NON_LITERAL_NULL_CONVERSION = YES;
				CLANG_WARN_OBJC_IMPLICIT_RETAIN_SELF = YES;
				CLANG_WARN_OBJC_LITERAL_CONVERSION = YES;
				CLANG_WARN_OBJC_ROOT_CLASS = YES_ERROR;
				CLANG_WARN_QUOTED_INCLUDE_IN_FRAMEWORK_HEADER = YES;
				CLANG_WARN_RANGE_LOOP_ANALYSIS = YES;
				CLANG_WARN_STRICT_PROTOTYPES = YES;
				CLANG_WARN_SUSPICIOUS_MOVE = YES;
				CLANG_WARN_UNGUARDED_AVAILABILITY = YES_AGGRESSIVE;
				CLANG_WARN_UNREACHABLE_CODE = YES;
				CLANG_WARN__DUPLICATE_METHOD_MATCH = YES;
				COPY_PHASE_STRIP = NO;
				DEBUG_INFORMATION_FORMAT = "dwarf-with-dsym";
				DEVELOPMENT_TEAM = 72FYH894PU;
				ENABLE_NS_ASSERTIONS = NO;
				ENABLE_STRICT_OBJC_MSGSEND = YES;
				ENABLE_USER_SCRIPT_SANDBOXING = YES;
				GCC_C_LANGUAGE_STANDARD = gnu17;
				GCC_NO_COMMON_BLOCKS = YES;
				GCC_WARN_64_TO_32_BIT_CONVERSION = YES;
				GCC_WARN_ABOUT_RETURN_TYPE = YES_ERROR;
				GCC_WARN_UNDECLARED_SELECTOR = YES;
				GCC_WARN_UNINITIALIZED_AUTOS = YES_AGGRESSIVE;
				GCC_WARN_UNUSED_FUNCTION = YES;
				GCC_WARN_UNUSED_VARIABLE = YES;
				IPHONEOS_DEPLOYMENT_TARGET = 26.5;
				LOCALIZATION_PREFERS_STRING_CATALOGS = YES;
				MTL_ENABLE_DEBUG_INFO = NO;
				MTL_FAST_MATH = YES;
				SDKROOT = iphoneos;
				SWIFT_COMPILATION_MODE = wholemodule;
				VALIDATE_PRODUCT = YES;
			};
			name = Release;
		};
		6ACF62AE2FFD725700CE8E5B /* Debug */ = {
			isa = XCBuildConfiguration;
			buildSettings = {
				ASSETCATALOG_COMPILER_APPICON_NAME = crux;
				ASSETCATALOG_COMPILER_GLOBAL_ACCENT_COLOR_NAME = AccentColor;
				CODE_SIGN_ENTITLEMENTS = Crux/Crux.entitlements;
				CODE_SIGN_STYLE = Automatic;
				CURRENT_PROJECT_VERSION = 1;
				DEVELOPMENT_TEAM = 72FYH894PU;
				ENABLE_PREVIEWS = YES;
				GENERATE_INFOPLIST_FILE = YES;
				INFOPLIST_FILE = Crux/Info.plist;
				INFOPLIST_KEY_CFBundleDisplayName = Crux;
				INFOPLIST_KEY_LSApplicationCategoryType = "public.app-category.social-networking";
				INFOPLIST_KEY_UIApplicationSceneManifest_Generation = YES;
				INFOPLIST_KEY_UIApplicationSupportsIndirectInputEvents = YES;
				INFOPLIST_KEY_UILaunchScreen_Generation = YES;
				INFOPLIST_KEY_UISupportedInterfaceOrientations_iPad = "UIInterfaceOrientationPortrait UIInterfaceOrientationPortraitUpsideDown UIInterfaceOrientationLandscapeLeft UIInterfaceOrientationLandscapeRight";
				INFOPLIST_KEY_UISupportedInterfaceOrientations_iPhone = "UIInterfaceOrientationPortrait UIInterfaceOrientationLandscapeLeft UIInterfaceOrientationLandscapeRight";
				IPHONEOS_DEPLOYMENT_TARGET = 26.0;
				LD_RUNPATH_SEARCH_PATHS = (
					"$(inherited)",
					"@executable_path/Frameworks",
				);
				MARKETING_VERSION = 0.0.1;
				PRODUCT_BUNDLE_IDENTIFIER = me.joshuarocks.crux;
				PRODUCT_NAME = "$(TARGET_NAME)";
				STRING_CATALOG_GENERATE_SYMBOLS = YES;
				SUPPORTED_PLATFORMS = "iphoneos iphonesimulator";
				SUPPORTS_MACCATALYST = NO;
				SUPPORTS_MAC_DESIGNED_FOR_IPHONE_IPAD = NO;
				SWIFT_APPROACHABLE_CONCURRENCY = YES;
				SWIFT_DEFAULT_ACTOR_ISOLATION = MainActor;
				SWIFT_EMIT_LOC_STRINGS = YES;
				SWIFT_UPCOMING_FEATURE_MEMBER_IMPORT_VISIBILITY = YES;
				SWIFT_VERSION = 5.0;
				TARGETED_DEVICE_FAMILY = "1,2";
			};
			name = Debug;
		};
		6ACF62AF2FFD725700CE8E5B /* Release */ = {
			isa = XCBuildConfiguration;
			buildSettings = {
				ASSETCATALOG_COMPILER_APPICON_NAME = crux;
				ASSETCATALOG_COMPILER_GLOBAL_ACCENT_COLOR_NAME = AccentColor;
				CODE_SIGN_ENTITLEMENTS = Crux/Crux.entitlements;
				CODE_SIGN_STYLE = Automatic;
				CURRENT_PROJECT_VERSION = 1;
				DEVELOPMENT_TEAM = 72FYH894PU;
				ENABLE_PREVIEWS = YES;
				GENERATE_INFOPLIST_FILE = YES;
				INFOPLIST_FILE = Crux/Info.plist;
				INFOPLIST_KEY_CFBundleDisplayName = Crux;
				INFOPLIST_KEY_LSApplicationCategoryType = "public.app-category.social-networking";
				INFOPLIST_KEY_UIApplicationSceneManifest_Generation = YES;
				INFOPLIST_KEY_UIApplicationSupportsIndirectInputEvents = YES;
				INFOPLIST_KEY_UILaunchScreen_Generation = YES;
				INFOPLIST_KEY_UISupportedInterfaceOrientations_iPad = "UIInterfaceOrientationPortrait UIInterfaceOrientationPortraitUpsideDown UIInterfaceOrientationLandscapeLeft UIInterfaceOrientationLandscapeRight";
				INFOPLIST_KEY_UISupportedInterfaceOrientations_iPhone = "UIInterfaceOrientationPortrait UIInterfaceOrientationLandscapeLeft UIInterfaceOrientationLandscapeRight";
				IPHONEOS_DEPLOYMENT_TARGET = 26.0;
				LD_RUNPATH_SEARCH_PATHS = (
					"$(inherited)",
					"@executable_path/Frameworks",
				);
				MARKETING_VERSION = 0.0.1;
				PRODUCT_BUNDLE_IDENTIFIER = me.joshuarocks.crux;
				PRODUCT_NAME = "$(TARGET_NAME)";
				STRING_CATALOG_GENERATE_SYMBOLS = YES;
				SUPPORTED_PLATFORMS = "iphoneos iphonesimulator";
				SUPPORTS_MACCATALYST = NO;
				SUPPORTS_MAC_DESIGNED_FOR_IPHONE_IPAD = NO;
				SWIFT_APPROACHABLE_CONCURRENCY = YES;
				SWIFT_DEFAULT_ACTOR_ISOLATION = MainActor;
				SWIFT_EMIT_LOC_STRINGS = YES;
				SWIFT_UPCOMING_FEATURE_MEMBER_IMPORT_VISIBILITY = YES;
				SWIFT_VERSION = 5.0;
				TARGETED_DEVICE_FAMILY = "1,2";
			};
			name = Release;
		};
/* End XCBuildConfiguration section */

/* Begin XCConfigurationList section */
		6AAA000930200009000AAAA9 /* Build configuration list for PBXNativeTarget "CruxNSE" */ = {
			isa = XCConfigurationList;
			buildConfigurations = (
				6AAA000A3020000A000AAAAA /* Debug */,
				6AAA000B3020000B000AAAAB /* Release */,
			);
			defaultConfigurationIsVisible = 0;
			defaultConfigurationName = Release;
		};
		6ACF629D2FFD725500CE8E5B /* Build configuration list for PBXProject "Crux" */ = {
			isa = XCConfigurationList;
			buildConfigurations = (
				6ACF62AB2FFD725700CE8E5B /* Debug */,
				6ACF62AC2FFD725700CE8E5B /* Release */,
			);
			defaultConfigurationIsVisible = 0;
			defaultConfigurationName = Release;
		};
		6ACF62AD2FFD725700CE8E5B /* Build configuration list for PBXNativeTarget "Crux" */ = {
			isa = XCConfigurationList;
			buildConfigurations = (
				6ACF62AE2FFD725700CE8E5B /* Debug */,
				6ACF62AF2FFD725700CE8E5B /* Release */,
			);
			defaultConfigurationIsVisible = 0;
			defaultConfigurationName = Release;
		};
/* End XCConfigurationList section */

/* Begin XCRemoteSwiftPackageReference section */
		6A4FEA1D30000B5B00849557 /* XCRemoteSwiftPackageReference "matrix-rust-components-swift" */ = {
			isa = XCRemoteSwiftPackageReference;
			repositoryURL = "https://github.com/matrix-org/matrix-rust-components-swift";
			requirement = {
				kind = upToNextMajorVersion;
				minimumVersion = 26.6.6;
			};
		};
/* End XCRemoteSwiftPackageReference section */

/* Begin XCSwiftPackageProductDependency section */
		6A4FEA1E30000B5B00849557 /* MatrixRustSDK */ = {
			isa = XCSwiftPackageProductDependency;
			package = 6A4FEA1D30000B5B00849557 /* XCRemoteSwiftPackageReference "matrix-rust-components-swift" */;
			productName = MatrixRustSDK;
		};
		6AAA000C3020000C000AAAAC /* MatrixRustSDK */ = {
			isa = XCSwiftPackageProductDependency;
			package = 6A4FEA1D30000B5B00849557 /* XCRemoteSwiftPackageReference "matrix-rust-components-swift" */;
			productName = MatrixRustSDK;
		};
/* End XCSwiftPackageProductDependency section */
	};
	rootObject = 6ACF629A2FFD725500CE8E5B /* Project object */;
}
